// !$*UTF8*$!
{
	archiveVersion = 1;
	classes = {
	};
	objectVersion = 56;
	objects = {

/* Begin PBXBuildFile section */
		0052DF872A07F1CD0081401B /* image_text_videoApp.swift in Sources */ = {isa = PBXBuildFile; fileRef = 0052DF862A07F1CD0081401B /* image_text_videoApp.swift */; };
		0052DF892A07F1CD0081401B /* ContentView.swift in Sources */ = {isa = PBXBuildFile; fileRef = 0052DF882A07F1CD0081401B /* ContentView.swift */; };
		0052DF8B2A07F1D00081401B /* Assets.xcassets in Resources */ = {isa = PBXBuildFile; fileRef = 0052DF8A2A07F1D00081401B /* Assets.xcassets */; };
		0052DF8E2A07F1D00081401B /* Preview Assets.xcassets in Resources */ = {isa = PBXBuildFile; fileRef = 0052DF8D2A07F1D00081401B /* Preview Assets.xcassets */; };
		00AEA2532A2A111E006B2352 /* ShareSheet.swift in Sources */ = {isa = PBXBuildFile; fileRef = 00AEA2522A2A111E006B2352 /* ShareSheet.swift */; };
		00AEA2562A2A2F23006B2352 /* 2.mp3 in Resources */ = {isa = PBXBuildFile; fileRef = 00AEA2542A2A2F23006B2352 /* 2.mp3 */; };
		00AEA2572A2A2F23006B2352 /* 1.mp3 in Resources */ = {isa = PBXBuildFile; fileRef = 00AEA2552A2A2F23006B2352 /* 1.mp3 */; };
		00AEA2592A2A2FA0006B2352 /* Extension.swift in Sources */ = {isa = PBXBuildFile; fileRef = 00AEA2582A2A2FA0006B2352 /* Extension.swift */; };
		00AF92AA2A245F250080B493 /* ShareVideoSheet.swift in Sources */ = {isa = PBXBuildFile; fileRef = 00AF92A92A245F250080B493 /* ShareVideoSheet.swift */; };
/* End PBXBuildFile section */

/* Begin PBXFileReference section */
		0052DF832A07F1CD0081401B /* image-text-video.app */ = {isa = PBXFileReference; explicitFileType = wrapper.application; includeInIndex = 0; path = "image-text-video.app"; sourceTree = BUILT_PRODUCTS_DIR; };
		0052DF862A07F1CD0081401B /* image_text_videoApp.swift */ = {isa = PBXFileReference; lastKnownFileType = sourcecode.swift; path = image_text_videoApp.swift; sourceTree = "<group>"; };
		0052DF882A07F1CD0081401B /* ContentView.swift */ = {isa = PBXFileReference; lastKnownFileType = sourcecode.swift; path = ContentView.swift; sourceTree = "<group>"; };
		0052DF8A2A07F1D00081401B /* Assets.xcassets */ = {isa = PBXFileReference; lastKnownFileType = folder.assetcatalog; path = Assets.xcassets; sourceTree = "<group>"; };
		0052DF8D2A07F1D00081401B /* Preview Assets.xcassets */ = {isa = PBXFileReference; lastKnownFileType = folder.assetcatalog; path = "Preview Assets.xcassets"; sourceTree = "<group>"; };
		00AEA2522A2A111E006B2352 /* ShareSheet.swift */ = {isa = PBXFileReference; fileEncoding = 4; lastKnownFileType = sourcecode.swift; path = ShareSheet.swift; sourceTree = "<group>"; };
		00AEA2542A2A2F23006B2352 /* 2.mp3 */ = {isa = PBXFileReference; lastKnownFileType = audio.mp3; path = 2.mp3; sourceTree = "<group>"; };
		00AEA2552A2A2F23006B2352 /* 1.mp3 */ = {isa = PBXFileReference; lastKnownFileType = audio.mp3; path = 1.mp3; sourceTree = "<group>"; };
		00AEA2582A2A2FA0006B2352 /* Extension.swift */ = {isa = PBXFileReference; fileEncoding = 4; lastKnownFileType = sourcecode.swift; path = Extension.swift; sourceTree = "<group>"; };
		00AF92A92A245F250080B493 /* ShareVideoSheet.swift */ = {isa = PBXFileReference; fileEncoding = 4; lastKnownFileType = sourcecode.swift; path = ShareVideoSheet.swift; sourceTree = "<group>"; };
/* End PBXFileReference section */

/* Begin PBXFrameworksBuildPhase section */
		0052DF802A07F1CD0081401B /* Frameworks */ = {
			isa = PBXFrameworksBuildPhase;
			buildActionMask = 2147483647;
			files = (
			);
			runOnlyForDeploymentPostprocessing = 0;
		};
/* End PBXFrameworksBuildPhase section */

/* Begin PBXGroup section */
		0052DF7A2A07F1CD0081401B = {
			isa = PBXGroup;
			children = (
				0052DF852A07F1CD0081401B /* image-text-video */,
				0052DF842A07F1CD0081401B /* Products */,
			);
			sourceTree = "<group>";
		};
		0052DF842A07F1CD0081401B /* Products */ = {
			isa = PBXGroup;
			children = (
				0052DF832A07F1CD0081401B /* image-text-video.app */,
			);
			name = Products;
			sourceTree = "<group>";
		};
		0052DF852A07F1CD0081401B /* image-text-video */ = {
			isa = PBXGroup;
			children = (
				00AF92A92A245F250080B493 /* ShareVideoSheet.swift */,
				00AEA2522A2A111E006B2352 /* ShareSheet.swift */,
				0052DF862A07F1CD0081401B /* image_text_videoApp.swift */,
				0052DF882A07F1CD0081401B /* ContentView.swift */,
				00AEA2552A2A2F23006B2352 /* 1.mp3 */,
				00AEA2582A2A2FA0006B2352 /* Extension.swift */,
				00AEA2542A2A2F23006B2352 /* 2.mp3 */,
				0052DF8A2A07F1D00081401B /* Assets.xcassets */,
				0052DF8C2A07F1D00081401B /* Preview Content */,
			);
			path = "image-text-video";
			sourceTree = "<group>";
		};
		0052DF8C2A07F1D00081401B /* Preview Content */ = {
			isa = PBXGroup;
			children = (
				0052DF8D2A07F1D00081401B /* Preview Assets.xcassets */,
			);
			path = "Preview Content";
			sourceTree = "<group>";
		};
/* End PBXGroup section */

/* Begin PBXNativeTarget section */
		0052DF822A07F1CD0081401B /* image-text-video */ = {
			isa = PBXNativeTarget;
			buildConfigurationList = 0052DF912A07F1D00081401B /* Build configuration list for PBXNativeTarget "image-text-video" */;
			buildPhases = (
				0052DF7F2A07F1CD0081401B /* Sources */,
				0052DF802A07F1CD0081401B /* Frameworks */,
				0052DF812A07F1CD0081401B /* Resources */,
			);
			buildRules = (
			);
			dependencies = (
			);
			name = "image-text-video";
			productName = "image-text-video";
			productReference = 0052DF832A07F1CD0081401B /* image-text-video.app */;
			productType = "com.apple.product-type.application";
		};
/* End PBXNativeTarget section */

/* Begin PBXProject section */
		0052DF7B2A07F1CD0081401B /* Project object */ = {
			isa = PBXProject;
			attributes = {
				BuildIndependentTargetsInParallel = 1;
				LastSwiftUpdateCheck = 1420;
				LastUpgradeCheck = 1420;
				TargetAttributes = {
					0052DF822A07F1CD0081401B = {
						CreatedOnToolsVersion = 14.2;
					};
				};
			};
			buildConfigurationList = 0052DF7E2A07F1CD0081401B /* Build configuration list for PBXProject "image-text-video" */;
			compatibilityVersion = "Xcode 14.0";
			developmentRegion = en;
			hasScannedForEncodings = 0;
			knownRegions = (
				en,
				Base,
			);
			mainGroup = 0052DF7A2A07F1CD0081401B;
			productRefGroup = 0052DF842A07F1CD0081401B /* Products */;
			projectDirPath = "";
			projectRoot = "";
			targets = (
				0052DF822A07F1CD0081401B /* image-text-video */,
			);
		};
/* End PBXProject section */

/* Begin PBXResourcesBuildPhase section */
		0052DF812A07F1CD0081401B /* Resources */ = {
			isa = PBXResourcesBuildPhase;
			buildActionMask = 2147483647;
			files = (
				00AEA2572A2A2F23006B2352 /* 1.mp3 in Resources */,
				00AEA2562A2A2F23006B2352 /* 2.mp3 in Resources */,
				0052DF8E2A07F1D00081401B /* Preview Assets.xcassets in Resources */,
				0052DF8B2A07F1D00081401B /* Assets.xcassets in Resources */,
			);
			runOnlyForDeploymentPostprocessing = 0;
		};
/* End PBXResourcesBuildPhase section */

/* Begin PBXSourcesBuildPhase section */
		0052DF7F2A07F1CD0081401B /* Sources */ = {
			isa = PBXSourcesBuildPhase;
			buildActionMask = 2147483647;
			files = (
				00AEA2592A2A2FA0006B2352 /* Extension.swift in Sources */,
				00AF92AA2A245F250080B493 /* ShareVideoSheet.swift in Sources */,
				0052DF892A07F1CD0081401B /* ContentView.swift in Sources */,
				0052DF872A07F1CD0081401B /* image_text_videoApp.swift in Sources */,
				00AEA2532A2A111E006B2352 /* ShareSheet.swift in Sources */,
			);
			runOnlyForDeploymentPostprocessing = 0;
		};
/* End PBXSourcesBuildPhase section */

/* Begin XCBuildConfiguration section */
		0052DF8F2A07F1D00081401B /* Debug */ = {
			isa = XCBuildConfiguration;
			buildSettings = {
				ALWAYS_SEARCH_USER_PATHS = NO;
				CLANG_ANALYZER_NONNULL = YES;
				CLANG_ANALYZER_NUMBER_OBJECT_CONVERSION = YES_AGGRESSIVE;
				CLANG_CXX_LANGUAGE_STANDARD = "gnu++20";
				CLANG_ENABLE_MODULES = YES;
				CLANG_ENABLE_OBJC_ARC = YES;
				CLANG_ENABLE_OBJC_WEAK = YES;
				CLANG_WARN_BLOCK_CAPTURE_AUTORELEASING = YES;
				CLANG_WARN_BOOL_CONVERSION = YES;
				CLANG_WARN_COMMA = YES;
				CLANG_WARN_CONSTANT_CONVERSION = YES;
				CLANG_WARN_DEPRECATED_OBJC_IMPLEMENTATIONS = YES;
				CLANG_WARN_DIRECT_OBJC_ISA_USAGE = YES_ERROR;
				CLANG_WARN_DOCUMENTATION_COMMENTS = YES;
				CLANG_WARN_EMPTY_BODY = YES;
				CLANG_WARN_ENUM_CONVERSION = YES;
				CLANG_WARN_INFINITE_RECURSION = YES;
				CLANG_WARN_INT_CONVERSION = YES;
				CLANG_WARN_NON_LITERAL_NULL_CONVERSION = YES;
				CLANG_WARN_OBJC_IMPLICIT_RETAIN_SELF = YES;
				CLANG_WARN_OBJC_LITERAL_CONVERSION = YES;
				CLANG_WARN_OBJC_ROOT_CLASS = YES_ERROR;
				CLANG_WARN_QUOTED_INCLUDE_IN_FRAMEWORK_HEADER = YES;
				CLANG_WARN_RANGE_LOOP_ANALYSIS = YES;
				CLANG_WARN_STRICT_PROTOTYPES = YES;
				CLANG_WARN_SUSPICIOUS_MOVE = YES;
				CLANG_WARN_UNGUARDED_AVAILABILITY = YES_AGGRESSIVE;
				CLANG_WARN_UNREACHABLE_CODE = YES;
				CLANG_WARN__DUPLICATE_METHOD_MATCH = YES;
				COPY_PHASE_STRIP = NO;
				DEBUG_INFORMATION_FORMAT = dwarf;
				ENABLE_STRICT_OBJC_MSGSEND = YES;
				ENABLE_TESTABILITY = YES;
				GCC_C_LANGUAGE_STANDARD = gnu11;
				GCC_DYNAMIC_NO_PIC = NO;
				GCC_NO_COMMON_BLOCKS = YES;
				GCC_OPTIMIZATION_LEVEL = 0;
				GCC_PREPROCESSOR_DEFINITIONS = (
					"DEBUG=1",
					"$(inherited)",
				);
				GCC_WARN_64_TO_32_BIT_CONVERSION = YES;
				GCC_WARN_ABOUT_RETURN_TYPE = YES_ERROR;
				GCC_WARN_UNDECLARED_SELECTOR = YES;
				GCC_WARN_UNINITIALIZED_AUTOS = YES_AGGRESSIVE;
				GCC_WARN_UNUSED_FUNCTION = YES;
				GCC_WARN_UNUSED_VARIABLE = YES;
				IPHONEOS_DEPLOYMENT_TARGET = 16.2;
				MTL_ENABLE_DEBUG_INFO = INCLUDE_SOURCE;
				MTL_FAST_MATH = YES;
				ONLY_ACTIVE_ARCH = YES;
				SDKROOT = iphoneos;
				SWIFT_ACTIVE_COMPILATION_CONDITIONS = DEBUG;
				SWIFT_OPTIMIZATION_LEVEL = "-Onone";
			};
			name = Debug;
		};
		0052DF902A07F1D00081401B /* Release */ = {
			isa = XCBuildConfiguration;
			buildSettings = {
				ALWAYS_SEARCH_USER_PATHS = NO;
				CLANG_ANALYZER_NONNULL = YES;
				CLANG_ANALYZER_NUMBER_OBJECT_CONVERSION = YES_AGGRESSIVE;
				CLANG_CXX_LANGUAGE_STANDARD = "gnu++20";
				CLANG_ENABLE_MODULES = YES;
				CLANG_ENABLE_OBJC_ARC = YES;
				CLANG_ENABLE_OBJC_WEAK = YES;
				CLANG_WARN_BLOCK_CAPTURE_AUTORELEASING = YES;
				CLANG_WARN_BOOL_CONVERSION = YES;
				CLANG_WARN_COMMA = YES;
				CLANG_WARN_CONSTANT_CONVERSION = YES;
				CLANG_WARN_DEPRECATED_OBJC_IMPLEMENTATIONS = YES;
				CLANG_WARN_DIRECT_OBJC_ISA_USAGE = YES_ERROR;
				CLANG_WARN_DOCUMENTATION_COMMENTS = YES;
				CLANG_WARN_EMPTY_BODY = YES;
				CLANG_WARN_ENUM_CONVERSION = YES;
				CLANG_WARN_INFINITE_RECURSION = YES;
				CLANG_WARN_INT_CONVERSION = YES;
				CLANG_WARN_NON_LITERAL_NULL_CONVERSION = YES;
				CLANG_WARN_OBJC_IMPLICIT_RETAIN_SELF = YES;
				CLANG_WARN_OBJC_LITERAL_CONVERSION = YES;
				CLANG_WARN_OBJC_ROOT_CLASS = YES_ERROR;
				CLANG_WARN_QUOTED_INCLUDE_IN_FRAMEWORK_HEADER = YES;
				CLANG_WARN_RANGE_LOOP_ANALYSIS = YES;
				CLANG_WARN_STRICT_PROTOTYPES = YES;
				CLANG_WARN_SUSPICIOUS_MOVE = YES;
				CLANG_WARN_UNGUARDED_AVAILABILITY = YES_AGGRESSIVE;
				CLANG_WARN_UNREACHABLE_CODE = YES;
				CLANG_WARN__DUPLICATE_METHOD_MATCH = YES;
				COPY_PHASE_STRIP = NO;
				DEBUG_INFORMATION_FORMAT = "dwarf-with-dsym";
				ENABLE_NS_ASSERTIONS = NO;
				ENABLE_STRICT_OBJC_MSGSEND = YES;
				GCC_C_LANGUAGE_STANDARD = gnu11;
				GCC_NO_COMMON_BLOCKS = YES;
				GCC_WARN_64_TO_32_BIT_CONVERSION = YES;
				GCC_WARN_ABOUT_RETURN_TYPE = YES_ERROR;
				GCC_WARN_UNDECLARED_SELECTOR = YES;
				GCC_WARN_UNINITIALIZED_AUTOS = YES_AGGRESSIVE;
				GCC_WARN_UNUSED_FUNCTION = YES;
				GCC_WARN_UNUSED_VARIABLE = YES;
				IPHONEOS_DEPLOYMENT_TARGET = 16.2;
				MTL_ENABLE_DEBUG_INFO = NO;
				MTL_FAST_MATH = YES;
				SDKROOT = iphoneos;
				SWIFT_COMPILATION_MODE = wholemodule;
				SWIFT_OPTIMIZATION_LEVEL = "-O";
				VALIDATE_PRODUCT = YES;
			};
			name = Release;
		};
		0052DF922A07F1D00081401B /* Debug */ = {
			isa = XCBuildConfiguration;
			buildSettings = {
				ASSETCATALOG_COMPILER_APPICON_NAME = AppIcon;
				ASSETCATALOG_COMPILER_GLOBAL_ACCENT_COLOR_NAME = AccentColor;
				CODE_SIGN_STYLE = Automatic;
				CURRENT_PROJECT_VERSION = 1;
				DEVELOPMENT_ASSET_PATHS = "\"image-text-video/Preview Content\"";
				DEVELOPMENT_TEAM = "";
				ENABLE_PREVIEWS = YES;
				GENERATE_INFOPLIST_FILE = YES;
				INFOPLIST_KEY_NSPhotoLibraryUsageDescription = "allow app to save video";
				INFOPLIST_KEY_UIApplicationSceneManifest_Generation = YES;
				INFOPLIST_KEY_UIApplicationSupportsIndirectInputEvents = YES;
				INFOPLIST_KEY_UILaunchScreen_Generation = YES;
				INFOPLIST_KEY_UISupportedInterfaceOrientations_iPad = "UIInterfaceOrientationPortrait UIInterfaceOrientationPortraitUpsideDown UIInterfaceOrientationLandscapeLeft UIInterfaceOrientationLandscapeRight";
				INFOPLIST_KEY_UISupportedInterfaceOrientations_iPhone = "UIInterfaceOrientationPortrait UIInterfaceOrientationLandscapeLeft UIInterfaceOrientationLandscapeRight";
				LD_RUNPATH_SEARCH_PATHS = (
					"$(inherited)",
					"@executable_path/Frameworks",
				);
				MARKETING_VERSION = 1.0;
				PRODUCT_BUNDLE_IDENTIFIER = "ui.app.image-text-video";
				PRODUCT_NAME = "$(TARGET_NAME)";
				SWIFT_EMIT_LOC_STRINGS = YES;
				SWIFT_VERSION = 5.0;
				TARGETED_DEVICE_FAMILY = "1,2";
			};
			name = Debug;
		};
		0052DF932A07F1D00081401B /* Release */ = {
			isa = XCBuildConfiguration;
			buildSettings = {
				ASSETCATALOG_COMPILER_APPICON_NAME = AppIcon;
				ASSETCATALOG_COMPILER_GLOBAL_ACCENT_COLOR_NAME = AccentColor;
				CODE_SIGN_STYLE = Automatic;
				CURRENT_PROJECT_VERSION = 1;
				DEVELOPMENT_ASSET_PATHS = "\"image-text-video/Preview Content\"";
				DEVELOPMENT_TEAM = "";
				ENABLE_PREVIEWS = YES;
				GENERATE_INFOPLIST_FILE = YES;
				INFOPLIST_KEY_NSPhotoLibraryUsageDescription = "allow app to save video";
				INFOPLIST_KEY_UIApplicationSceneManifest_Generation = YES;
				INFOPLIST_KEY_UIApplicationSupportsIndirectInputEvents = YES;
				INFOPLIST_KEY_UILaunchScreen_Generation = YES;
				INFOPLIST_KEY_UISupportedInterfaceOrientations_iPad = "UIInterfaceOrientationPortrait UIInterfaceOrientationPortraitUpsideDown UIInterfaceOrientationLandscapeLeft UIInterfaceOrientationLandscapeRight";
				INFOPLIST_KEY_UISupportedInterfaceOrientations_iPhone = "UIInterfaceOrientationPortrait UIInterfaceOrientationLandscapeLeft UIInterfaceOrientationLandscapeRight";
				LD_RUNPATH_SEARCH_PATHS = (
					"$(inherited)",
					"@executable_path/Frameworks",
				);
				MARKETING_VERSION = 1.0;
				PRODUCT_BUNDLE_IDENTIFIER = "ui.app.image-text-video";
				PRODUCT_NAME = "$(TARGET_NAME)";
				SWIFT_EMIT_LOC_STRINGS = YES;
				SWIFT_VERSION = 5.0;
				TARGETED_DEVICE_FAMILY = "1,2";
			};
			name = Release;
		};
/* End XCBuildConfiguration section */

/* Begin XCConfigurationList section */
		0052DF7E2A07F1CD0081401B /* Build configuration list for PBXProject "image-text-video" */ = {
			isa = XCConfigurationList;
			buildConfigurations = (
				0052DF8F2A07F1D00081401B /* Debug */,
				0052DF902A07F1D00081401B /* Release */,
			);
			defaultConfigurationIsVisible = 0;
			defaultConfigurationName = Release;
		};
		0052DF912A07F1D00081401B /* Build configuration list for PBXNativeTarget "image-text-video" */ = {
			isa = XCConfigurationList;
			buildConfigurations = (
				0052DF922A07F1D00081401B /* Debug */,
				0052DF932A07F1D00081401B /* Release */,
			);
			defaultConfigurationIsVisible = 0;
			defaultConfigurationName = Release;
		};
/* End XCConfigurationList section */
	};
	rootObject = 0052DF7B2A07F1CD0081401B /* Project object */;
}
